
Microsoft Visual Studio Solution File, Format Version 12.00
# Visual Studio Version 16
VisualStudioVersion = 16.0.33927.289
MinimumVisualStudioVersion = 10.0.40219.1
Project("{8BC9CEB8-8B4A-11D0-8D11-00A0C91BC942}") = "Assignment 1 - 1", "Assignment 1 - 1\Assignment 1 - 1.vcxproj", "{0BB48D00-B3B2-44C4-BD51-A782CE1CD628}"
EndProject
Global
	GlobalSection(SolutionConfigurationPlatforms) = preSolution
		Debug|x64 = Debug|x64
		Debug|x86 = Debug|x86
		Release|x64 = Release|x64
		Release|x86 = Release|x86
	EndGlobalSection
	GlobalSection(ProjectConfigurationPlatforms) = postSolution
		{0BB48D00-B3B2-44C4-BD51-A782CE1CD628}.Debug|x64.ActiveCfg = Debug|x64
		{0BB48D00-B3B2-44C4-BD51-A782CE1CD628}.Debug|x64.Build.0 = Debug|x64
		{0BB48D00-B3B2-44C4-BD51-A782CE1CD628}.Debug|x86.ActiveCfg = Debug|Win32
		{0BB48D00-B3B2-44C4-BD51-A782CE1CD628}.Debug|x86.Build.0 = Debug|Win32
		{0BB48D00-B3B2-44C4-BD51-A782CE1CD628}.Release|x64.ActiveCfg = Release|x64
		{0BB48D00-B3B2-44C4-BD51-A782CE1CD628}.Release|x64.Build.0 = Release|x64
		{0BB48D00-B3B2-44C4-BD51-A782CE1CD628}.Release|x86.ActiveCfg = Release|Win32
		{0BB48D00-B3B2-44C4-BD51-A782CE1CD628}.Release|x86.Build.0 = Release|Win32
	EndGlobalSection
	GlobalSection(SolutionProperties) = preSolution
		HideSolutionNode = FALSE
	EndGlobalSection
	GlobalSection(ExtensibilityGlobals) = postSolution
		SolutionGuid = {4FC1945C-F9C6-450A-A131-A34EC8DA7547}
	EndGlobalSection
EndGlobal
