
Microsoft Visual Studio Solution File, Format Version 12.00
# Visual Studio Version 16
VisualStudioVersion = 16.0.33927.289
MinimumVisualStudioVersion = 10.0.40219.1
Project("{8BC9CEB8-8B4A-11D0-8D11-00A0C91BC942}") = "Assignment 1 - 4", "Assignment 1 - 4\Assignment 1 - 4.vcxproj", "{ADE54411-D566-48B5-A92C-848BD312BA19}"
EndProject
Global
	GlobalSection(SolutionConfigurationPlatforms) = preSolution
		Debug|x64 = Debug|x64
		Debug|x86 = Debug|x86
		Release|x64 = Release|x64
		Release|x86 = Release|x86
	EndGlobalSection
	GlobalSection(ProjectConfigurationPlatforms) = postSolution
		{ADE54411-D566-48B5-A92C-848BD312BA19}.Debug|x64.ActiveCfg = Debug|x64
		{ADE54411-D566-48B5-A92C-848BD312BA19}.Debug|x64.Build.0 = Debug|x64
		{ADE54411-D566-48B5-A92C-848BD312BA19}.Debug|x86.ActiveCfg = Debug|Win32
		{ADE54411-D566-48B5-A92C-848BD312BA19}.Debug|x86.Build.0 = Debug|Win32
		{ADE54411-D566-48B5-A92C-848BD312BA19}.Release|x64.ActiveCfg = Release|x64
		{ADE54411-D566-48B5-A92C-848BD312BA19}.Release|x64.Build.0 = Release|x64
		{ADE54411-D566-48B5-A92C-848BD312BA19}.Release|x86.ActiveCfg = Release|Win32
		{ADE54411-D566-48B5-A92C-848BD312BA19}.Release|x86.Build.0 = Release|Win32
	EndGlobalSection
	GlobalSection(SolutionProperties) = preSolution
		HideSolutionNode = FALSE
	EndGlobalSection
	GlobalSection(ExtensibilityGlobals) = postSolution
		SolutionGuid = {34F6A707-5C4F-4AE6-AF2D-DB95747F83FC}
	EndGlobalSection
EndGlobal
